{
	"name": "lsp-sample-server",
	"version": "1.0.0",
	"lockfileVersion": 2,
	"requires": true,
	"packages": {
		"": {
			"name": "lsp-sample-server",
			"version": "1.0.0",
			"license": "MIT",
			"dependencies": {
				"chevrotain": "^7.0.1",
				"unist-builder": "^2.0.3",
				"vscode-languageserver": "^8.1.0",
				"vscode-languageserver-textdocument": "^1.0.8"
			},
			"devDependencies": {
				"@types/unist": "^2.0.3"
			},
			"engines": {
				"node": "*"
			}
		},
		"node_modules/@types/unist": {
			"version": "2.0.6",
			"resolved": "https://registry.npmjs.org/@types/unist/-/unist-2.0.6.tgz",
			"integrity": "sha512-PBjIUxZHOuj0R15/xuwJYjFi+KZdNFrehocChv4g5hu6aFroHue8m0lBP0POdK2nKzbw0cgV1mws8+V/JAcEkQ==",
			"dev": true
		},
		"node_modules/chevrotain": {
			"version": "7.1.2",
			"resolved": "https://registry.npmjs.org/chevrotain/-/chevrotain-7.1.2.tgz",
			"integrity": "sha512-9bQsXVQ7UAvzMs7iUBBJ9Yv//exOy7bIR3PByOEk4M64vIE/LsiOiX7VIkMF/vEMlrSStwsaE884Bp9CpjtC5g==",
			"dependencies": {
				"regexp-to-ast": "0.5.0"
			}
		},
		"node_modules/regexp-to-ast": {
			"version": "0.5.0",
			"resolved": "https://registry.npmjs.org/regexp-to-ast/-/regexp-to-ast-0.5.0.tgz",
			"integrity": "sha512-tlbJqcMHnPKI9zSrystikWKwHkBqu2a/Sgw01h3zFjvYrMxEDYHzzoMZnUrbIfpTFEsoRnnviOXNCzFiSc54Qw=="
		},
		"node_modules/unist-builder": {
			"version": "2.0.3",
			"resolved": "https://registry.npmjs.org/unist-builder/-/unist-builder-2.0.3.tgz",
			"integrity": "sha512-f98yt5pnlMWlzP539tPc4grGMsFaQQlP/vM396b00jngsiINumNmsY8rkXjfoi1c6QaM8nQ3vaGDuoKWbe/1Uw==",
			"funding": {
				"type": "opencollective",
				"url": "https://opencollective.com/unified"
			}
		},
		"node_modules/vscode-jsonrpc": {
			"version": "8.1.0",
			"resolved": "https://registry.npmjs.org/vscode-jsonrpc/-/vscode-jsonrpc-8.1.0.tgz",
			"integrity": "sha512-6TDy/abTQk+zDGYazgbIPc+4JoXdwC8NHU9Pbn4UJP1fehUyZmM4RHp5IthX7A6L5KS30PRui+j+tbbMMMafdw==",
			"engines": {
				"node": ">=14.0.0"
			}
		},
		"node_modules/vscode-languageserver": {
			"version": "8.1.0",
			"resolved": "https://registry.npmjs.org/vscode-languageserver/-/vscode-languageserver-8.1.0.tgz",
			"integrity": "sha512-eUt8f1z2N2IEUDBsKaNapkz7jl5QpskN2Y0G01T/ItMxBxw1fJwvtySGB9QMecatne8jFIWJGWI61dWjyTLQsw==",
			"dependencies": {
				"vscode-languageserver-protocol": "3.17.3"
			},
			"bin": {
				"installServerIntoExtension": "bin/installServerIntoExtension"
			}
		},
		"node_modules/vscode-languageserver-protocol": {
			"version": "3.17.3",
			"resolved": "https://registry.npmjs.org/vscode-languageserver-protocol/-/vscode-languageserver-protocol-3.17.3.tgz",
			"integrity": "sha512-924/h0AqsMtA5yK22GgMtCYiMdCOtWTSGgUOkgEDX+wk2b0x4sAfLiO4NxBxqbiVtz7K7/1/RgVrVI0NClZwqA==",
			"dependencies": {
				"vscode-jsonrpc": "8.1.0",
				"vscode-languageserver-types": "3.17.3"
			}
		},
		"node_modules/vscode-languageserver-textdocument": {
			"version": "1.0.8",
			"resolved": "https://registry.npmjs.org/vscode-languageserver-textdocument/-/vscode-languageserver-textdocument-1.0.8.tgz",
			"integrity": "sha512-1bonkGqQs5/fxGT5UchTgjGVnfysL0O8v1AYMBjqTbWQTFn721zaPGDYFkOKtfDgFiSgXM3KwaG3FMGfW4Ed9Q=="
		},
		"node_modules/vscode-languageserver-types": {
			"version": "3.17.3",
			"resolved": "https://registry.npmjs.org/vscode-languageserver-types/-/vscode-languageserver-types-3.17.3.tgz",
			"integrity": "sha512-SYU4z1dL0PyIMd4Vj8YOqFvHu7Hz/enbWtpfnVbJHU4Nd1YNYx8u0ennumc6h48GQNeOLxmwySmnADouT/AuZA=="
		}
	},
	"dependencies": {
		"@types/unist": {
			"version": "2.0.6",
			"resolved": "https://registry.npmjs.org/@types/unist/-/unist-2.0.6.tgz",
			"integrity": "sha512-PBjIUxZHOuj0R15/xuwJYjFi+KZdNFrehocChv4g5hu6aFroHue8m0lBP0POdK2nKzbw0cgV1mws8+V/JAcEkQ==",
			"dev": true
		},
		"chevrotain": {
			"version": "7.1.2",
			"resolved": "https://registry.npmjs.org/chevrotain/-/chevrotain-7.1.2.tgz",
			"integrity": "sha512-9bQsXVQ7UAvzMs7iUBBJ9Yv//exOy7bIR3PByOEk4M64vIE/LsiOiX7VIkMF/vEMlrSStwsaE884Bp9CpjtC5g==",
			"requires": {
				"regexp-to-ast": "0.5.0"
			}
		},
		"regexp-to-ast": {
			"version": "0.5.0",
			"resolved": "https://registry.npmjs.org/regexp-to-ast/-/regexp-to-ast-0.5.0.tgz",
			"integrity": "sha512-tlbJqcMHnPKI9zSrystikWKwHkBqu2a/Sgw01h3zFjvYrMxEDYHzzoMZnUrbIfpTFEsoRnnviOXNCzFiSc54Qw=="
		},
		"unist-builder": {
			"version": "2.0.3",
			"resolved": "https://registry.npmjs.org/unist-builder/-/unist-builder-2.0.3.tgz",
			"integrity": "sha512-f98yt5pnlMWlzP539tPc4grGMsFaQQlP/vM396b00jngsiINumNmsY8rkXjfoi1c6QaM8nQ3vaGDuoKWbe/1Uw=="
		},
		"vscode-jsonrpc": {
			"version": "8.1.0",
			"resolved": "https://registry.npmjs.org/vscode-jsonrpc/-/vscode-jsonrpc-8.1.0.tgz",
			"integrity": "sha512-6TDy/abTQk+zDGYazgbIPc+4JoXdwC8NHU9Pbn4UJP1fehUyZmM4RHp5IthX7A6L5KS30PRui+j+tbbMMMafdw=="
		},
		"vscode-languageserver": {
			"version": "8.1.0",
			"resolved": "https://registry.npmjs.org/vscode-languageserver/-/vscode-languageserver-8.1.0.tgz",
			"integrity": "sha512-eUt8f1z2N2IEUDBsKaNapkz7jl5QpskN2Y0G01T/ItMxBxw1fJwvtySGB9QMecatne8jFIWJGWI61dWjyTLQsw==",
			"requires": {
				"vscode-languageserver-protocol": "3.17.3"
			}
		},
		"vscode-languageserver-protocol": {
			"version": "3.17.3",
			"resolved": "https://registry.npmjs.org/vscode-languageserver-protocol/-/vscode-languageserver-protocol-3.17.3.tgz",
			"integrity": "sha512-924/h0AqsMtA5yK22GgMtCYiMdCOtWTSGgUOkgEDX+wk2b0x4sAfLiO4NxBxqbiVtz7K7/1/RgVrVI0NClZwqA==",
			"requires": {
				"vscode-jsonrpc": "8.1.0",
				"vscode-languageserver-types": "3.17.3"
			}
		},
		"vscode-languageserver-textdocument": {
			"version": "1.0.8",
			"resolved": "https://registry.npmjs.org/vscode-languageserver-textdocument/-/vscode-languageserver-textdocument-1.0.8.tgz",
			"integrity": "sha512-1bonkGqQs5/fxGT5UchTgjGVnfysL0O8v1AYMBjqTbWQTFn721zaPGDYFkOKtfDgFiSgXM3KwaG3FMGfW4Ed9Q=="
		},
		"vscode-languageserver-types": {
			"version": "3.17.3",
			"resolved": "https://registry.npmjs.org/vscode-languageserver-types/-/vscode-languageserver-types-3.17.3.tgz",
			"integrity": "sha512-SYU4z1dL0PyIMd4Vj8YOqFvHu7Hz/enbWtpfnVbJHU4Nd1YNYx8u0ennumc6h48GQNeOLxmwySmnADouT/AuZA=="
		}
	}
}
